{
  "version": 4,
  "terraform_version": "1.8.2",
  "serial": 63,
  "lineage": "d5141d62-edd4-8fef-e57d-d9f0312c941d",
  "outputs": {
    "api_gateway_url": {
      "value": "https://pdytikgkcc.execute-api.eu-north-1.amazonaws.com/prod/contact",
      "type": "string"
    },
    "cloudfront_distribution_id": {
      "value": "E3T1DT7FCLM3UA",
      "type": "string"
    },
    "cloudfront_domain_name": {
      "value": "d2p52q90sleggo.cloudfront.net",
      "type": "string"
    },
    "dynamodb_table_name": {
      "value": "pipelines-terraform-deploy-contact-submissions-0125cf95",
      "type": "string"
    },
    "lambda_function_name": {
      "value": "pipelines-terraform-deploy-contact-form-0125cf95",
      "type": "string"
    },
    "pipeline_parameter_store_policy_arn": {
      "value": "arn:aws:iam::479324457009:policy/pipelines-terraform-deploy-pipeline-parameter-store-policy-0125cf95",
      "type": "string"
    },
    "s3_bucket_name": {
      "value": "pipelines-terraform-website-0bb6ae9f",
      "type": "string"
    }
  },
  "resources": [
    {
      "mode": "data",
      "type": "archive_file",
      "name": "lambda_zip",
      "provider": "provider[\"registry.terraform.io/hashicorp/archive\"]",
      "instances": [
        {
          "schema_version": 0,
          "attributes": {
            "exclude_symlink_directories": null,
            "excludes": [
              "*.test.js",
              ".env*",
              "coverage",
              "eslint.config.js",
              "jest.config.js",
              "node_modules",
              "tests"
            ],
            "id": "07c13ba74180330e6add223bdb95684c6252da6b",
            "output_base64sha256": "ORVgDflC53EUaEnAJJETnO67ez6oskooKDloMhemYg8=",
            "output_base64sha512": "KJkxvvSJex8X6emtHkKCcgZ18Tosq/T85BKVY3CfB1eCQ8LXQzpfoRHjyYX7t4tzHMCSI2hQyDGAaZ8v9VNgPg==",
            "output_file_mode": null,
            "output_md5": "1beb033715c64a5127cde9d87e250cc0",
            "output_path": "lambda_function.zip",
            "output_sha": "07c13ba74180330e6add223bdb95684c6252da6b",
            "output_sha256": "3915600df942e771146849c02491139ceebb7b3ea8b24a282839683217a6620f",
            "output_sha512": "289931bef4897b1f17e9e9ad1e4282720675f13a2cabf4fce4129563709f07578243c2d7433a5fa111e3c985fbb78b731cc092236850c83180699f2ff553603e",
            "output_size": 1141,
            "source": [],
            "source_content": null,
            "source_content_filename": null,
            "source_dir": "../../web/lambda/src",
            "source_file": null,
            "type": "zip"
          },
          "sensitive_attributes": []
        }
      ]
    },
    {
      "mode": "data",
      "type": "aws_caller_identity",
      "name": "current",
      "provider": "provider[\"registry.terraform.io/hashicorp/aws\"]",
      "instances": [
        {
          "schema_version": 0,
          "attributes": {
            "account_id": "479324457009",
            "arn": "arn:aws:iam::479324457009:user/pipelines-terraform",
            "id": "479324457009",
            "user_id": "AIDAW7GPWZAYQVYKV6GA2"
          },
          "sensitive_attributes": []
        }
      ]
    },
    {
      "mode": "managed",
      "type": "aws_api_gateway_deployment",
      "name": "contact_deployment",
      "provider": "provider[\"registry.terraform.io/hashicorp/aws\"]",
      "instances": [
        {
          "schema_version": 0,
          "attributes": {
            "canary_settings": [],
            "created_date": "2025-09-15T17:49:45Z",
            "description": "",
            "execution_arn": "arn:aws:execute-api:eu-north-1:479324457009:pdytikgkcc/",
            "id": "xryckw",
            "invoke_url": "https://pdytikgkcc.execute-api.eu-north-1.amazonaws.com/",
            "rest_api_id": "pdytikgkcc",
            "stage_description": null,
            "stage_name": null,
            "triggers": {
              "redeployment": "9add09ba00ce5d656426bfb3ff1412a6fa1106cb"
            },
            "variables": null
          },
          "sensitive_attributes": [],
          "private": "bnVsbA==",
          "dependencies": [
            "aws_api_gateway_integration.lambda_contact",
            "data.archive_file.lambda_zip",
            "module.api_gateway.aws_api_gateway_resource.contact",
            "module.api_gateway.aws_api_gateway_rest_api.contact_api",
            "module.dynamodb.aws_dynamodb_table.contact_submissions",
            "module.lambda.aws_iam_role.lambda_exec",
            "module.lambda.aws_lambda_function.contact_form",
            "module.shared.random_id.resource_suffix"
          ],
          "create_before_destroy": true
        }
      ]
    },
    {
      "mode": "managed",
      "type": "aws_api_gateway_integration",
      "name": "lambda_contact",
      "provider": "provider[\"registry.terraform.io/hashicorp/aws\"]",
      "instances": [
        {
          "schema_version": 0,
          "attributes": {
            "cache_key_parameters": [],
            "cache_namespace": "81ylvw",
            "connection_id": "",
            "connection_type": "INTERNET",
            "content_handling": "",
            "credentials": "",
            "http_method": "POST",
            "id": "agi-pdytikgkcc-81ylvw-POST",
            "integration_http_method": "POST",
            "passthrough_behavior": "WHEN_NO_MATCH",
            "request_parameters": {},
            "request_templates": {},
            "resource_id": "81ylvw",
            "rest_api_id": "pdytikgkcc",
            "timeout_milliseconds": 29000,
            "tls_config": [],
            "type": "AWS_PROXY",
            "uri": "arn:aws:apigateway:eu-north-1:lambda:path/2015-03-31/functions/arn:aws:lambda:eu-north-1:479324457009:function:pipelines-terraform-deploy-contact-form-0125cf95/invocations"
          },
          "sensitive_attributes": [],
          "private": "bnVsbA==",
          "dependencies": [
            "data.archive_file.lambda_zip",
            "module.api_gateway.aws_api_gateway_resource.contact",
            "module.api_gateway.aws_api_gateway_rest_api.contact_api",
            "module.dynamodb.aws_dynamodb_table.contact_submissions",
            "module.lambda.aws_iam_role.lambda_exec",
            "module.lambda.aws_lambda_function.contact_form",
            "module.shared.random_id.resource_suffix"
          ],
          "create_before_destroy": true
        }
      ]
    },
    {
      "mode": "managed",
      "type": "aws_api_gateway_stage",
      "name": "prod",
      "provider": "provider[\"registry.terraform.io/hashicorp/aws\"]",
      "instances": [
        {
          "schema_version": 0,
          "attributes": {
            "access_log_settings": [],
            "arn": "arn:aws:apigateway:eu-north-1::/restapis/pdytikgkcc/stages/prod",
            "cache_cluster_enabled": false,
            "cache_cluster_size": "",
            "canary_settings": [],
            "client_certificate_id": "",
            "deployment_id": "xryckw",
            "description": "",
            "documentation_version": "",
            "execution_arn": "arn:aws:execute-api:eu-north-1:479324457009:pdytikgkcc/prod",
            "id": "ags-pdytikgkcc-prod",
            "invoke_url": "https://pdytikgkcc.execute-api.eu-north-1.amazonaws.com/prod",
            "rest_api_id": "pdytikgkcc",
            "stage_name": "prod",
            "tags": {},
            "tags_all": {},
            "variables": {},
            "web_acl_arn": "",
            "xray_tracing_enabled": true
          },
          "sensitive_attributes": [],
          "private": "bnVsbA==",
          "dependencies": [
            "aws_api_gateway_deployment.contact_deployment",
            "aws_api_gateway_integration.lambda_contact",
            "data.archive_file.lambda_zip",
            "module.api_gateway.aws_api_gateway_resource.contact",
            "module.api_gateway.aws_api_gateway_rest_api.contact_api",
            "module.dynamodb.aws_dynamodb_table.contact_submissions",
            "module.lambda.aws_iam_role.lambda_exec",
            "module.lambda.aws_lambda_function.contact_form",
            "module.shared.random_id.resource_suffix"
          ]
        }
      ]
    },
    {
      "module": "module.api_gateway",
      "mode": "managed",
      "type": "aws_api_gateway_integration",
      "name": "options_contact",
      "provider": "provider[\"registry.terraform.io/hashicorp/aws\"]",
      "instances": [
        {
          "schema_version": 0,
          "attributes": {
            "cache_key_parameters": [],
            "cache_namespace": "81ylvw",
            "connection_id": "",
            "connection_type": "INTERNET",
            "content_handling": "",
            "credentials": "",
            "http_method": "OPTIONS",
            "id": "agi-pdytikgkcc-81ylvw-OPTIONS",
            "integration_http_method": "",
            "passthrough_behavior": "WHEN_NO_MATCH",
            "request_parameters": {},
            "request_templates": {
              "application/json": "{\"statusCode\": 200}"
            },
            "resource_id": "81ylvw",
            "rest_api_id": "pdytikgkcc",
            "timeout_milliseconds": 29000,
            "tls_config": [],
            "type": "MOCK",
            "uri": ""
          },
          "sensitive_attributes": [],
          "private": "bnVsbA==",
          "dependencies": [
            "module.api_gateway.aws_api_gateway_method.options_contact",
            "module.api_gateway.aws_api_gateway_resource.contact",
            "module.api_gateway.aws_api_gateway_rest_api.contact_api",
            "module.shared.random_id.resource_suffix"
          ]
        }
      ]
    },
    {
      "module": "module.api_gateway",
      "mode": "managed",
      "type": "aws_api_gateway_integration_response",
      "name": "options_contact",
      "provider": "provider[\"registry.terraform.io/hashicorp/aws\"]",
      "instances": [
        {
          "schema_version": 0,
          "attributes": {
            "content_handling": "",
            "http_method": "OPTIONS",
            "id": "agir-pdytikgkcc-81ylvw-OPTIONS-200",
            "resource_id": "81ylvw",
            "response_parameters": {
              "method.response.header.Access-Control-Allow-Headers": "'Content-Type,X-Amz-Date,Authorization,X-Api-Key,X-Amz-Security-Token'",
              "method.response.header.Access-Control-Allow-Methods": "'POST,OPTIONS'",
              "method.response.header.Access-Control-Allow-Origin": "'*'"
            },
            "response_templates": {},
            "rest_api_id": "pdytikgkcc",
            "selection_pattern": "",
            "status_code": "200"
          },
          "sensitive_attributes": [],
          "private": "bnVsbA==",
          "dependencies": [
            "module.api_gateway.aws_api_gateway_method.options_contact",
            "module.api_gateway.aws_api_gateway_method_response.options_contact",
            "module.api_gateway.aws_api_gateway_resource.contact",
            "module.api_gateway.aws_api_gateway_rest_api.contact_api",
            "module.shared.random_id.resource_suffix"
          ]
        }
      ]
    },
    {
      "module": "module.api_gateway",
      "mode": "managed",
      "type": "aws_api_gateway_method",
      "name": "options_contact",
      "provider": "provider[\"registry.terraform.io/hashicorp/aws\"]",
      "instances": [
        {
          "schema_version": 0,
          "attributes": {
            "api_key_required": false,
            "authorization": "NONE",
            "authorization_scopes": [],
            "authorizer_id": "",
            "http_method": "OPTIONS",
            "id": "agm-pdytikgkcc-81ylvw-OPTIONS",
            "operation_name": "",
            "request_models": {},
            "request_parameters": {},
            "request_validator_id": "",
            "resource_id": "81ylvw",
            "rest_api_id": "pdytikgkcc"
          },
          "sensitive_attributes": [],
          "private": "bnVsbA==",
          "dependencies": [
            "module.api_gateway.aws_api_gateway_resource.contact",
            "module.api_gateway.aws_api_gateway_rest_api.contact_api",
            "module.shared.random_id.resource_suffix"
          ]
        }
      ]
    },
    {
      "module": "module.api_gateway",
      "mode": "managed",
      "type": "aws_api_gateway_method",
      "name": "post_contact",
      "provider": "provider[\"registry.terraform.io/hashicorp/aws\"]",
      "instances": [
        {
          "schema_version": 0,
          "attributes": {
            "api_key_required": false,
            "authorization": "NONE",
            "authorization_scopes": [],
            "authorizer_id": "",
            "http_method": "POST",
            "id": "agm-pdytikgkcc-81ylvw-POST",
            "operation_name": "",
            "request_models": {},
            "request_parameters": {
              "method.request.header.Content-Type": true
            },
            "request_validator_id": "v7d670",
            "resource_id": "81ylvw",
            "rest_api_id": "pdytikgkcc"
          },
          "sensitive_attributes": [],
          "private": "bnVsbA==",
          "dependencies": [
            "module.api_gateway.aws_api_gateway_request_validator.contact_validator",
            "module.api_gateway.aws_api_gateway_resource.contact",
            "module.api_gateway.aws_api_gateway_rest_api.contact_api",
            "module.shared.random_id.resource_suffix"
          ]
        }
      ]
    },
    {
      "module": "module.api_gateway",
      "mode": "managed",
      "type": "aws_api_gateway_method_response",
      "name": "options_contact",
      "provider": "provider[\"registry.terraform.io/hashicorp/aws\"]",
      "instances": [
        {
          "schema_version": 0,
          "attributes": {
            "http_method": "OPTIONS",
            "id": "agmr-pdytikgkcc-81ylvw-OPTIONS-200",
            "resource_id": "81ylvw",
            "response_models": {},
            "response_parameters": {
              "method.response.header.Access-Control-Allow-Headers": true,
              "method.response.header.Access-Control-Allow-Methods": true,
              "method.response.header.Access-Control-Allow-Origin": true
            },
            "rest_api_id": "pdytikgkcc",
            "status_code": "200"
          },
          "sensitive_attributes": [],
          "private": "bnVsbA==",
          "dependencies": [
            "module.api_gateway.aws_api_gateway_method.options_contact",
            "module.api_gateway.aws_api_gateway_resource.contact",
            "module.api_gateway.aws_api_gateway_rest_api.contact_api",
            "module.shared.random_id.resource_suffix"
          ]
        }
      ]
    },
    {
      "module": "module.api_gateway",
      "mode": "managed",
      "type": "aws_api_gateway_method_response",
      "name": "post_contact",
      "provider": "provider[\"registry.terraform.io/hashicorp/aws\"]",
      "instances": [
        {
          "schema_version": 0,
          "attributes": {
            "http_method": "POST",
            "id": "agmr-pdytikgkcc-81ylvw-POST-200",
            "resource_id": "81ylvw",
            "response_models": {},
            "response_parameters": {
              "method.response.header.Access-Control-Allow-Origin": true
            },
            "rest_api_id": "pdytikgkcc",
            "status_code": "200"
          },
          "sensitive_attributes": [],
          "private": "bnVsbA==",
          "dependencies": [
            "module.api_gateway.aws_api_gateway_method.post_contact",
            "module.api_gateway.aws_api_gateway_request_validator.contact_validator",
            "module.api_gateway.aws_api_gateway_resource.contact",
            "module.api_gateway.aws_api_gateway_rest_api.contact_api",
            "module.shared.random_id.resource_suffix"
          ]
        }
      ]
    },
    {
      "module": "module.api_gateway",
      "mode": "managed",
      "type": "aws_api_gateway_request_validator",
      "name": "contact_validator",
      "provider": "provider[\"registry.terraform.io/hashicorp/aws\"]",
      "instances": [
        {
          "schema_version": 0,
          "attributes": {
            "id": "v7d670",
            "name": "pipelines-terraform-deploy-contact-validator-0125cf95",
            "rest_api_id": "pdytikgkcc",
            "validate_request_body": true,
            "validate_request_parameters": true
          },
          "sensitive_attributes": [],
          "private": "bnVsbA==",
          "dependencies": [
            "module.api_gateway.aws_api_gateway_rest_api.contact_api",
            "module.shared.random_id.resource_suffix"
          ]
        }
      ]
    },
    {
      "module": "module.api_gateway",
      "mode": "managed",
      "type": "aws_api_gateway_resource",
      "name": "contact",
      "provider": "provider[\"registry.terraform.io/hashicorp/aws\"]",
      "instances": [
        {
          "schema_version": 0,
          "attributes": {
            "id": "81ylvw",
            "parent_id": "f9jutfrqqg",
            "path": "/contact",
            "path_part": "contact",
            "rest_api_id": "pdytikgkcc"
          },
          "sensitive_attributes": [],
          "private": "bnVsbA==",
          "dependencies": [
            "module.api_gateway.aws_api_gateway_rest_api.contact_api",
            "module.shared.random_id.resource_suffix"
          ],
          "create_before_destroy": true
        }
      ]
    },
    {
      "module": "module.api_gateway",
      "mode": "managed",
      "type": "aws_api_gateway_rest_api",
      "name": "contact_api",
      "provider": "provider[\"registry.terraform.io/hashicorp/aws\"]",
      "instances": [
        {
          "schema_version": 0,
          "attributes": {
            "api_key_source": "HEADER",
            "arn": "arn:aws:apigateway:eu-north-1::/restapis/pdytikgkcc",
            "binary_media_types": [],
            "body": null,
            "created_date": "2025-09-15T17:49:24Z",
            "description": "API for contact form submissions",
            "disable_execute_api_endpoint": false,
            "endpoint_configuration": [
              {
                "ip_address_type": "ipv4",
                "types": [
                  "REGIONAL"
                ],
                "vpc_endpoint_ids": []
              }
            ],
            "execution_arn": "arn:aws:execute-api:eu-north-1:479324457009:pdytikgkcc",
            "fail_on_warnings": null,
            "id": "pdytikgkcc",
            "minimum_compression_size": "",
            "name": "pipelines-terraform-deploy-contact-api-0125cf95",
            "parameters": null,
            "policy": "",
            "put_rest_api_mode": null,
            "root_resource_id": "f9jutfrqqg",
            "tags": {},
            "tags_all": {}
          },
          "sensitive_attributes": [],
          "private": "bnVsbA==",
          "dependencies": [
            "module.shared.random_id.resource_suffix"
          ],
          "create_before_destroy": true
        }
      ]
    },
    {
      "module": "module.api_gateway",
      "mode": "managed",
      "type": "aws_ssm_parameter",
      "name": "example",
      "provider": "provider[\"registry.terraform.io/hashicorp/aws\"]",
      "instances": [
        {
          "schema_version": 0,
          "attributes": {
            "allowed_pattern": "",
            "arn": "arn:aws:ssm:eu-north-1:479324457009:parameter/api-gateway/example",
            "data_type": "text",
            "description": "",
            "has_value_wo": null,
            "id": "/api-gateway/example",
            "insecure_value": null,
            "key_id": "",
            "name": "/api-gateway/example",
            "overwrite": true,
            "tags": {},
            "tags_all": {},
            "tier": "Standard",
            "type": "String",
            "value": "api-gateway-parameter-value",
            "value_wo": null,
            "value_wo_version": null,
            "version": 10
          },
          "sensitive_attributes": [
            [
              {
                "type": "get_attr",
                "value": "value"
              }
            ],
            [
              {
                "type": "get_attr",
                "value": "value_wo"
              }
            ]
          ],
          "private": "bnVsbA=="
        }
      ]
    },
    {
      "module": "module.cloudfront",
      "mode": "managed",
      "type": "aws_cloudfront_distribution",
      "name": "website_cdn",
      "provider": "provider[\"registry.terraform.io/hashicorp/aws\"]",
      "instances": [
        {
          "schema_version": 1,
          "attributes": {
            "aliases": [],
            "arn": "arn:aws:cloudfront::479324457009:distribution/E3T1DT7FCLM3UA",
            "caller_reference": "terraform-20250915174926191300000003",
            "comment": null,
            "continuous_deployment_policy_id": "",
            "custom_error_response": [],
            "default_cache_behavior": [
              {
                "allowed_methods": [
                  "DELETE",
                  "GET",
                  "HEAD",
                  "OPTIONS",
                  "PATCH",
                  "POST",
                  "PUT"
                ],
                "cache_policy_id": "",
                "cached_methods": [
                  "GET",
                  "HEAD"
                ],
                "compress": false,
                "default_ttl": 0,
                "field_level_encryption_id": "",
                "forwarded_values": [
                  {
                    "cookies": [
                      {
                        "forward": "none",
                        "whitelisted_names": []
                      }
                    ],
                    "headers": [],
                    "query_string": false,
                    "query_string_cache_keys": []
                  }
                ],
                "function_association": [],
                "grpc_config": [
                  {
                    "enabled": false
                  }
                ],
                "lambda_function_association": [],
                "max_ttl": 0,
                "min_ttl": 0,
                "origin_request_policy_id": "",
                "realtime_log_config_arn": "",
                "response_headers_policy_id": "67f7725c-6f97-4210-82d7-5512b31e9d03",
                "smooth_streaming": false,
                "target_origin_id": "s3-pipelines-terraform-website-0bb6ae9f",
                "trusted_key_groups": [],
                "trusted_signers": [],
                "viewer_protocol_policy": "redirect-to-https"
              }
            ],
            "default_root_object": "index.html",
            "domain_name": "d2p52q90sleggo.cloudfront.net",
            "enabled": false,
            "etag": "E2C05K4EN4U3P0",
            "hosted_zone_id": "Z2FDTNDATAQYW2",
            "http_version": "http2",
            "id": "E3T1DT7FCLM3UA",
            "in_progress_validation_batches": 0,
            "is_ipv6_enabled": true,
            "last_modified_time": "2025-09-16 19:47:11.557 +0000 UTC",
            "logging_config": [],
            "ordered_cache_behavior": [],
            "origin": [
              {
                "connection_attempts": 3,
                "connection_timeout": 10,
                "custom_header": [],
                "custom_origin_config": [
                  {
                    "http_port": 80,
                    "https_port": 443,
                    "origin_keepalive_timeout": 5,
                    "origin_protocol_policy": "http-only",
                    "origin_read_timeout": 30,
                    "origin_ssl_protocols": [
                      "TLSv1.2"
                    ]
                  }
                ],
                "domain_name": "pipelines-terraform-website-0bb6ae9f.s3-website.eu-north-1.amazonaws.com",
                "origin_access_control_id": "",
                "origin_id": "s3-pipelines-terraform-website-0bb6ae9f",
                "origin_path": "",
                "origin_shield": [],
                "s3_origin_config": [],
                "vpc_origin_config": []
              }
            ],
            "origin_group": [],
            "price_class": "PriceClass_All",
            "restrictions": [
              {
                "geo_restriction": [
                  {
                    "locations": [],
                    "restriction_type": "none"
                  }
                ]
              }
            ],
            "retain_on_delete": false,
            "staging": false,
            "status": "Deployed",
            "tags": {},
            "tags_all": {},
            "trusted_key_groups": [
              {
                "enabled": false,
                "items": []
              }
            ],
            "trusted_signers": [
              {
                "enabled": false,
                "items": []
              }
            ],
            "viewer_certificate": [
              {
                "acm_certificate_arn": "",
                "cloudfront_default_certificate": true,
                "iam_certificate_id": "",
                "minimum_protocol_version": "TLSv1",
                "ssl_support_method": ""
              }
            ],
            "wait_for_deployment": true,
            "web_acl_id": ""
          },
          "sensitive_attributes": [],
          "private": "eyJzY2hlbWFfdmVyc2lvbiI6IjEifQ==",
          "dependencies": [
            "module.s3.aws_s3_bucket.website",
            "module.shared.random_id.bucket_suffix"
          ]
        }
      ]
    },
    {
      "module": "module.cloudfront",
      "mode": "managed",
      "type": "aws_ssm_parameter",
      "name": "example",
      "provider": "provider[\"registry.terraform.io/hashicorp/aws\"]",
      "instances": [
        {
          "schema_version": 0,
          "attributes": {
            "allowed_pattern": "",
            "arn": "arn:aws:ssm:eu-north-1:479324457009:parameter/cloudfront/example",
            "data_type": "text",
            "description": "",
            "has_value_wo": null,
            "id": "/cloudfront/example",
            "insecure_value": null,
            "key_id": "",
            "name": "/cloudfront/example",
            "overwrite": true,
            "tags": {},
            "tags_all": {},
            "tier": "Standard",
            "type": "String",
            "value": "cloudfront-parameter-value",
            "value_wo": null,
            "value_wo_version": null,
            "version": 10
          },
          "sensitive_attributes": [
            [
              {
                "type": "get_attr",
                "value": "value"
              }
            ],
            [
              {
                "type": "get_attr",
                "value": "value_wo"
              }
            ]
          ],
          "private": "bnVsbA=="
        }
      ]
    },
    {
      "module": "module.dynamodb",
      "mode": "managed",
      "type": "aws_dynamodb_table",
      "name": "contact_submissions",
      "provider": "provider[\"registry.terraform.io/hashicorp/aws\"]",
      "instances": [
        {
          "schema_version": 1,
          "attributes": {
            "arn": "arn:aws:dynamodb:eu-north-1:479324457009:table/pipelines-terraform-deploy-contact-submissions-0125cf95",
            "attribute": [
              {
                "name": "id",
                "type": "S"
              }
            ],
            "billing_mode": "PAY_PER_REQUEST",
            "deletion_protection_enabled": false,
            "global_secondary_index": [],
            "hash_key": "id",
            "id": "pipelines-terraform-deploy-contact-submissions-0125cf95",
            "import_table": [],
            "local_secondary_index": [],
            "name": "pipelines-terraform-deploy-contact-submissions-0125cf95",
            "on_demand_throughput": [],
            "point_in_time_recovery": [
              {
                "enabled": true,
                "recovery_period_in_days": 35
              }
            ],
            "range_key": null,
            "read_capacity": 0,
            "replica": [],
            "restore_date_time": null,
            "restore_source_name": null,
            "restore_source_table_arn": null,
            "restore_to_latest_time": null,
            "server_side_encryption": [
              {
                "enabled": true,
                "kms_key_arn": ""
              }
            ],
            "stream_arn": "",
            "stream_enabled": false,
            "stream_label": "",
            "stream_view_type": "",
            "table_class": "STANDARD",
            "tags": {
              "Environment": "dev",
              "Name": "pipelines-terraform-deploy-contact-submissions-0125cf95"
            },
            "tags_all": {
              "Environment": "dev",
              "Name": "pipelines-terraform-deploy-contact-submissions-0125cf95"
            },
            "timeouts": null,
            "ttl": [
              {
                "attribute_name": "",
                "enabled": false
              }
            ],
            "write_capacity": 0
          },
          "sensitive_attributes": [],
          "private": "eyJlMmJmYjczMC1lY2FhLTExZTYtOGY4OC0zNDM2M2JjN2M0YzAiOnsiY3JlYXRlIjoxODAwMDAwMDAwMDAwLCJkZWxldGUiOjYwMDAwMDAwMDAwMCwidXBkYXRlIjozNjAwMDAwMDAwMDAwfSwic2NoZW1hX3ZlcnNpb24iOiIxIn0=",
          "dependencies": [
            "module.shared.random_id.resource_suffix"
          ],
          "create_before_destroy": true
        }
      ]
    },
    {
      "module": "module.dynamodb",
      "mode": "managed",
      "type": "aws_ssm_parameter",
      "name": "example",
      "provider": "provider[\"registry.terraform.io/hashicorp/aws\"]",
      "instances": [
        {
          "schema_version": 0,
          "attributes": {
            "allowed_pattern": "",
            "arn": "arn:aws:ssm:eu-north-1:479324457009:parameter/dynamodb/example",
            "data_type": "text",
            "description": "",
            "has_value_wo": null,
            "id": "/dynamodb/example",
            "insecure_value": null,
            "key_id": "",
            "name": "/dynamodb/example",
            "overwrite": true,
            "tags": {},
            "tags_all": {},
            "tier": "Standard",
            "type": "String",
            "value": "dynamodb-parameter-value",
            "value_wo": null,
            "value_wo_version": null,
            "version": 10
          },
          "sensitive_attributes": [
            [
              {
                "type": "get_attr",
                "value": "value_wo"
              }
            ],
            [
              {
                "type": "get_attr",
                "value": "value"
              }
            ]
          ],
          "private": "bnVsbA=="
        }
      ]
    },
    {
      "module": "module.iam",
      "mode": "managed",
      "type": "aws_iam_policy",
      "name": "pipeline_parameter_store_policy",
      "provider": "provider[\"registry.terraform.io/hashicorp/aws\"]",
      "instances": [
        {
          "schema_version": 0,
          "attributes": {
            "arn": "arn:aws:iam::479324457009:policy/pipelines-terraform-deploy-pipeline-parameter-store-policy-0125cf95",
            "attachment_count": 0,
            "description": "Policy to allow CI/CD pipeline to read/write Parameter Store values",
            "id": "arn:aws:iam::479324457009:policy/pipelines-terraform-deploy-pipeline-parameter-store-policy-0125cf95",
            "name": "pipelines-terraform-deploy-pipeline-parameter-store-policy-0125cf95",
            "name_prefix": "",
            "path": "/",
            "policy": "{\"Statement\":[{\"Action\":[\"ssm:GetParameter\",\"ssm:GetParameters\",\"ssm:PutParameter\",\"ssm:DeleteParameter\",\"ssm:GetParameterHistory\"],\"Effect\":\"Allow\",\"Resource\":[\"arn:aws:ssm:eu-north-1:479324457009:parameter/pipelines-terraform/*\"]},{\"Action\":[\"ssm:DescribeParameters\"],\"Effect\":\"Allow\",\"Resource\":\"*\"}],\"Version\":\"2012-10-17\"}",
            "policy_id": "ANPAW7GPWZAYZKGHAGVUJ",
            "tags": {
              "Environment": "dev",
              "Name": "pipelines-terraform-pipeline-parameter-store-policy",
              "Purpose": "CI/CD Parameter Store Access"
            },
            "tags_all": {
              "Environment": "dev",
              "Name": "pipelines-terraform-pipeline-parameter-store-policy",
              "Purpose": "CI/CD Parameter Store Access"
            }
          },
          "sensitive_attributes": [],
          "private": "bnVsbA==",
          "dependencies": [
            "data.aws_caller_identity.current",
            "module.shared.random_id.resource_suffix"
          ]
        }
      ]
    },
    {
      "module": "module.iam",
      "mode": "managed",
      "type": "aws_ssm_parameter",
      "name": "example",
      "provider": "provider[\"registry.terraform.io/hashicorp/aws\"]",
      "instances": [
        {
          "schema_version": 0,
          "attributes": {
            "allowed_pattern": "",
            "arn": "arn:aws:ssm:eu-north-1:479324457009:parameter/iam/example",
            "data_type": "text",
            "description": "",
            "has_value_wo": null,
            "id": "/iam/example",
            "insecure_value": null,
            "key_id": "",
            "name": "/iam/example",
            "overwrite": true,
            "tags": {},
            "tags_all": {},
            "tier": "Standard",
            "type": "String",
            "value": "iam-parameter-value",
            "value_wo": null,
            "value_wo_version": null,
            "version": 10
          },
          "sensitive_attributes": [
            [
              {
                "type": "get_attr",
                "value": "value"
              }
            ],
            [
              {
                "type": "get_attr",
                "value": "value_wo"
              }
            ]
          ],
          "private": "bnVsbA=="
        }
      ]
    },
    {
      "module": "module.lambda",
      "mode": "managed",
      "type": "aws_iam_role",
      "name": "lambda_exec",
      "provider": "provider[\"registry.terraform.io/hashicorp/aws\"]",
      "instances": [
        {
          "schema_version": 0,
          "attributes": {
            "arn": "arn:aws:iam::479324457009:role/pipelines-terraform-deploy-lambda-exec-role-0125cf95",
            "assume_role_policy": "{\"Statement\":[{\"Action\":\"sts:AssumeRole\",\"Effect\":\"Allow\",\"Principal\":{\"Service\":\"lambda.amazonaws.com\"}}],\"Version\":\"2012-10-17\"}",
            "create_date": "2025-09-15T17:49:24Z",
            "description": "",
            "force_detach_policies": false,
            "id": "pipelines-terraform-deploy-lambda-exec-role-0125cf95",
            "inline_policy": [
              {
                "name": "pipelines-terraform-deploy-lambda-dynamodb-policy-0125cf95",
                "policy": "{\"Version\":\"2012-10-17\",\"Statement\":[{\"Action\":[\"dynamodb:PutItem\",\"dynamodb:GetItem\",\"dynamodb:UpdateItem\",\"dynamodb:DeleteItem\",\"dynamodb:Scan\",\"dynamodb:Query\"],\"Effect\":\"Allow\",\"Resource\":\"arn:aws:dynamodb:eu-north-1:479324457009:table/pipelines-terraform-deploy-contact-submissions-0125cf95\"}]}"
              }
            ],
            "managed_policy_arns": [
              "arn:aws:iam::aws:policy/AWSXRayDaemonWriteAccess",
              "arn:aws:iam::aws:policy/service-role/AWSLambdaBasicExecutionRole"
            ],
            "max_session_duration": 3600,
            "name": "pipelines-terraform-deploy-lambda-exec-role-0125cf95",
            "name_prefix": "",
            "path": "/",
            "permissions_boundary": "",
            "tags": {},
            "tags_all": {},
            "unique_id": "AROAW7GPWZAY5OTN5QAWI"
          },
          "sensitive_attributes": [],
          "private": "bnVsbA==",
          "dependencies": [
            "module.shared.random_id.resource_suffix"
          ],
          "create_before_destroy": true
        }
      ]
    },
    {
      "module": "module.lambda",
      "mode": "managed",
      "type": "aws_iam_role_policy",
      "name": "lambda_dynamodb_policy",
      "provider": "provider[\"registry.terraform.io/hashicorp/aws\"]",
      "instances": [
        {
          "schema_version": 0,
          "attributes": {
            "id": "pipelines-terraform-deploy-lambda-exec-role-0125cf95:pipelines-terraform-deploy-lambda-dynamodb-policy-0125cf95",
            "name": "pipelines-terraform-deploy-lambda-dynamodb-policy-0125cf95",
            "name_prefix": "",
            "policy": "{\"Version\":\"2012-10-17\",\"Statement\":[{\"Action\":[\"dynamodb:PutItem\",\"dynamodb:GetItem\",\"dynamodb:UpdateItem\",\"dynamodb:DeleteItem\",\"dynamodb:Scan\",\"dynamodb:Query\"],\"Effect\":\"Allow\",\"Resource\":\"arn:aws:dynamodb:eu-north-1:479324457009:table/pipelines-terraform-deploy-contact-submissions-0125cf95\"}]}",
            "role": "pipelines-terraform-deploy-lambda-exec-role-0125cf95"
          },
          "sensitive_attributes": [],
          "private": "bnVsbA==",
          "dependencies": [
            "module.dynamodb.aws_dynamodb_table.contact_submissions",
            "module.lambda.aws_iam_role.lambda_exec",
            "module.shared.random_id.resource_suffix"
          ]
        }
      ]
    },
    {
      "module": "module.lambda",
      "mode": "managed",
      "type": "aws_iam_role_policy_attachment",
      "name": "lambda_policy",
      "provider": "provider[\"registry.terraform.io/hashicorp/aws\"]",
      "instances": [
        {
          "schema_version": 0,
          "attributes": {
            "id": "pipelines-terraform-deploy-lambda-exec-role-0125cf95-20250915174924608000000002",
            "policy_arn": "arn:aws:iam::aws:policy/service-role/AWSLambdaBasicExecutionRole",
            "role": "pipelines-terraform-deploy-lambda-exec-role-0125cf95"
          },
          "sensitive_attributes": [],
          "private": "bnVsbA==",
          "dependencies": [
            "module.lambda.aws_iam_role.lambda_exec",
            "module.shared.random_id.resource_suffix"
          ]
        }
      ]
    },
    {
      "module": "module.lambda",
      "mode": "managed",
      "type": "aws_iam_role_policy_attachment",
      "name": "lambda_xray_policy",
      "provider": "provider[\"registry.terraform.io/hashicorp/aws\"]",
      "instances": [
        {
          "schema_version": 0,
          "attributes": {
            "id": "pipelines-terraform-deploy-lambda-exec-role-0125cf95-20250915174924600500000001",
            "policy_arn": "arn:aws:iam::aws:policy/AWSXRayDaemonWriteAccess",
            "role": "pipelines-terraform-deploy-lambda-exec-role-0125cf95"
          },
          "sensitive_attributes": [],
          "private": "bnVsbA==",
          "dependencies": [
            "module.lambda.aws_iam_role.lambda_exec",
            "module.shared.random_id.resource_suffix"
          ]
        }
      ]
    },
    {
      "module": "module.lambda",
      "mode": "managed",
      "type": "aws_lambda_function",
      "name": "contact_form",
      "provider": "provider[\"registry.terraform.io/hashicorp/aws\"]",
      "instances": [
        {
          "schema_version": 0,
          "attributes": {
            "architectures": [
              "x86_64"
            ],
            "arn": "arn:aws:lambda:eu-north-1:479324457009:function:pipelines-terraform-deploy-contact-form-0125cf95",
            "code_sha256": "ORVgDflC53EUaEnAJJETnO67ez6oskooKDloMhemYg8=",
            "code_signing_config_arn": "",
            "dead_letter_config": [],
            "description": "",
            "environment": [
              {
                "variables": {
                  "DYNAMODB_TABLE": "pipelines-terraform-deploy-contact-submissions-0125cf95"
                }
              }
            ],
            "ephemeral_storage": [
              {
                "size": 512
              }
            ],
            "file_system_config": [],
            "filename": "lambda_function.zip",
            "function_name": "pipelines-terraform-deploy-contact-form-0125cf95",
            "handler": "index.handler",
            "id": "pipelines-terraform-deploy-contact-form-0125cf95",
            "image_config": [],
            "image_uri": "",
            "invoke_arn": "arn:aws:apigateway:eu-north-1:lambda:path/2015-03-31/functions/arn:aws:lambda:eu-north-1:479324457009:function:pipelines-terraform-deploy-contact-form-0125cf95/invocations",
            "kms_key_arn": "",
            "last_modified": "2025-09-15T17:49:38.839+0000",
            "layers": [],
            "logging_config": [
              {
                "application_log_level": "",
                "log_format": "Text",
                "log_group": "/aws/lambda/pipelines-terraform-deploy-contact-form-0125cf95",
                "system_log_level": ""
              }
            ],
            "memory_size": 128,
            "package_type": "Zip",
            "publish": false,
            "qualified_arn": "arn:aws:lambda:eu-north-1:479324457009:function:pipelines-terraform-deploy-contact-form-0125cf95:$LATEST",
            "qualified_invoke_arn": "arn:aws:apigateway:eu-north-1:lambda:path/2015-03-31/functions/arn:aws:lambda:eu-north-1:479324457009:function:pipelines-terraform-deploy-contact-form-0125cf95:$LATEST/invocations",
            "replace_security_groups_on_destroy": null,
            "replacement_security_group_ids": null,
            "reserved_concurrent_executions": -1,
            "role": "arn:aws:iam::479324457009:role/pipelines-terraform-deploy-lambda-exec-role-0125cf95",
            "runtime": "nodejs18.x",
            "s3_bucket": null,
            "s3_key": null,
            "s3_object_version": null,
            "signing_job_arn": "",
            "signing_profile_version_arn": "",
            "skip_destroy": false,
            "snap_start": [],
            "source_code_hash": "ORVgDflC53EUaEnAJJETnO67ez6oskooKDloMhemYg8=",
            "source_code_size": 1141,
            "tags": {},
            "tags_all": {},
            "timeout": 5,
            "timeouts": null,
            "tracing_config": [
              {
                "mode": "Active"
              }
            ],
            "version": "$LATEST",
            "vpc_config": []
          },
          "sensitive_attributes": [],
          "private": "eyJlMmJmYjczMC1lY2FhLTExZTYtOGY4OC0zNDM2M2JjN2M0YzAiOnsiY3JlYXRlIjo2MDAwMDAwMDAwMDAsImRlbGV0ZSI6NjAwMDAwMDAwMDAwLCJ1cGRhdGUiOjYwMDAwMDAwMDAwMH19",
          "dependencies": [
            "data.archive_file.lambda_zip",
            "module.dynamodb.aws_dynamodb_table.contact_submissions",
            "module.lambda.aws_iam_role.lambda_exec",
            "module.shared.random_id.resource_suffix"
          ],
          "create_before_destroy": true
        }
      ]
    },
    {
      "module": "module.lambda",
      "mode": "managed",
      "type": "aws_lambda_permission",
      "name": "apigw",
      "provider": "provider[\"registry.terraform.io/hashicorp/aws\"]",
      "instances": [
        {
          "schema_version": 0,
          "attributes": {
            "action": "lambda:InvokeFunction",
            "event_source_token": null,
            "function_name": "pipelines-terraform-deploy-contact-form-0125cf95",
            "function_url_auth_type": null,
            "id": "AllowAPIGatewayInvoke",
            "principal": "apigateway.amazonaws.com",
            "principal_org_id": null,
            "qualifier": "",
            "source_account": null,
            "source_arn": "arn:aws:execute-api:eu-north-1:479324457009:pdytikgkcc",
            "statement_id": "AllowAPIGatewayInvoke",
            "statement_id_prefix": ""
          },
          "sensitive_attributes": [],
          "private": "bnVsbA==",
          "dependencies": [
            "data.archive_file.lambda_zip",
            "module.api_gateway.aws_api_gateway_rest_api.contact_api",
            "module.dynamodb.aws_dynamodb_table.contact_submissions",
            "module.lambda.aws_iam_role.lambda_exec",
            "module.lambda.aws_lambda_function.contact_form",
            "module.shared.random_id.resource_suffix"
          ]
        }
      ]
    },
    {
      "module": "module.lambda",
      "mode": "managed",
      "type": "aws_ssm_parameter",
      "name": "example",
      "provider": "provider[\"registry.terraform.io/hashicorp/aws\"]",
      "instances": [
        {
          "schema_version": 0,
          "attributes": {
            "allowed_pattern": "",
            "arn": "arn:aws:ssm:eu-north-1:479324457009:parameter/lambda/example",
            "data_type": "text",
            "description": "",
            "has_value_wo": null,
            "id": "/lambda/example",
            "insecure_value": null,
            "key_id": "",
            "name": "/lambda/example",
            "overwrite": true,
            "tags": {},
            "tags_all": {},
            "tier": "Standard",
            "type": "String",
            "value": "lambda-parameter-value",
            "value_wo": null,
            "value_wo_version": null,
            "version": 10
          },
          "sensitive_attributes": [
            [
              {
                "type": "get_attr",
                "value": "value_wo"
              }
            ],
            [
              {
                "type": "get_attr",
                "value": "value"
              }
            ]
          ],
          "private": "bnVsbA=="
        }
      ]
    },
    {
      "module": "module.s3",
      "mode": "managed",
      "type": "aws_s3_bucket_policy",
      "name": "website_policy",
      "provider": "provider[\"registry.terraform.io/hashicorp/aws\"]",
      "instances": [
        {
          "schema_version": 0,
          "attributes": {
            "bucket": "pipelines-terraform-website-0bb6ae9f",
            "id": "pipelines-terraform-website-0bb6ae9f",
            "policy": "{\"Statement\":[{\"Action\":\"s3:GetObject\",\"Effect\":\"Allow\",\"Principal\":\"*\",\"Resource\":\"arn:aws:s3:::pipelines-terraform-website-0bb6ae9f/*\",\"Sid\":\"PublicReadGetObject\"}],\"Version\":\"2012-10-17\"}"
          },
          "sensitive_attributes": [],
          "private": "bnVsbA==",
          "dependencies": [
            "module.s3.aws_s3_bucket.website",
            "module.s3.aws_s3_bucket_public_access_block.website_pab",
            "module.shared.random_id.bucket_suffix"
          ]
        }
      ]
    },
    {
      "module": "module.s3",
      "mode": "managed",
      "type": "aws_s3_bucket_public_access_block",
      "name": "website_pab",
      "provider": "provider[\"registry.terraform.io/hashicorp/aws\"]",
      "instances": [
        {
          "schema_version": 0,
          "attributes": {
            "block_public_acls": false,
            "block_public_policy": false,
            "bucket": "pipelines-terraform-website-0bb6ae9f",
            "id": "pipelines-terraform-website-0bb6ae9f",
            "ignore_public_acls": false,
            "restrict_public_buckets": false
          },
          "sensitive_attributes": [],
          "private": "bnVsbA==",
          "dependencies": [
            "module.s3.aws_s3_bucket.website",
            "module.shared.random_id.bucket_suffix"
          ]
        }
      ]
    },
    {
      "module": "module.s3",
      "mode": "managed",
      "type": "aws_s3_bucket_server_side_encryption_configuration",
      "name": "website_encryption",
      "provider": "provider[\"registry.terraform.io/hashicorp/aws\"]",
      "instances": [
        {
          "schema_version": 0,
          "attributes": {
            "bucket": "pipelines-terraform-website-0bb6ae9f",
            "expected_bucket_owner": "",
            "id": "pipelines-terraform-website-0bb6ae9f",
            "rule": [
              {
                "apply_server_side_encryption_by_default": [
                  {
                    "kms_master_key_id": "",
                    "sse_algorithm": "AES256"
                  }
                ],
                "bucket_key_enabled": false
              }
            ]
          },
          "sensitive_attributes": [],
          "private": "bnVsbA==",
          "dependencies": [
            "module.s3.aws_s3_bucket.website",
            "module.shared.random_id.bucket_suffix"
          ]
        }
      ]
    },
    {
      "module": "module.s3",
      "mode": "managed",
      "type": "aws_s3_bucket_website_configuration",
      "name": "website_config",
      "provider": "provider[\"registry.terraform.io/hashicorp/aws\"]",
      "instances": [
        {
          "schema_version": 0,
          "attributes": {
            "bucket": "pipelines-terraform-website-0bb6ae9f",
            "error_document": [
              {
                "key": "error.html"
              }
            ],
            "expected_bucket_owner": "",
            "id": "pipelines-terraform-website-0bb6ae9f",
            "index_document": [
              {
                "suffix": "index.html"
              }
            ],
            "redirect_all_requests_to": [],
            "routing_rule": [],
            "routing_rules": "",
            "website_domain": "s3-website.eu-north-1.amazonaws.com",
            "website_endpoint": "pipelines-terraform-website-0bb6ae9f.s3-website.eu-north-1.amazonaws.com"
          },
          "sensitive_attributes": [],
          "private": "bnVsbA==",
          "dependencies": [
            "module.s3.aws_s3_bucket.website",
            "module.shared.random_id.bucket_suffix"
          ]
        }
      ]
    },
    {
      "module": "module.s3",
      "mode": "managed",
      "type": "aws_ssm_parameter",
      "name": "example",
      "provider": "provider[\"registry.terraform.io/hashicorp/aws\"]",
      "instances": [
        {
          "schema_version": 0,
          "attributes": {
            "allowed_pattern": "",
            "arn": "arn:aws:ssm:eu-north-1:479324457009:parameter/s3/example",
            "data_type": "text",
            "description": "",
            "has_value_wo": null,
            "id": "/s3/example",
            "insecure_value": null,
            "key_id": "",
            "name": "/s3/example",
            "overwrite": true,
            "tags": {},
            "tags_all": {},
            "tier": "Standard",
            "type": "String",
            "value": "s3-parameter-value",
            "value_wo": null,
            "value_wo_version": null,
            "version": 10
          },
          "sensitive_attributes": [
            [
              {
                "type": "get_attr",
                "value": "value"
              }
            ],
            [
              {
                "type": "get_attr",
                "value": "value_wo"
              }
            ]
          ],
          "private": "bnVsbA=="
        }
      ]
    },
    {
      "module": "module.shared",
      "mode": "managed",
      "type": "random_id",
      "name": "bucket_suffix",
      "provider": "provider[\"registry.terraform.io/hashicorp/random\"]",
      "instances": [
        {
          "schema_version": 0,
          "attributes": {
            "b64_std": "C7aunw==",
            "b64_url": "C7aunw",
            "byte_length": 4,
            "dec": "196521631",
            "hex": "0bb6ae9f",
            "id": "C7aunw",
            "keepers": {
              "bucket_generation": "v1"
            },
            "prefix": null
          },
          "sensitive_attributes": []
        }
      ]
    },
    {
      "module": "module.shared",
      "mode": "managed",
      "type": "random_id",
      "name": "resource_suffix",
      "provider": "provider[\"registry.terraform.io/hashicorp/random\"]",
      "instances": [
        {
          "schema_version": 0,
          "attributes": {
            "b64_std": "ASXPlQ==",
            "b64_url": "ASXPlQ",
            "byte_length": 4,
            "dec": "19255189",
            "hex": "0125cf95",
            "id": "ASXPlQ",
            "keepers": {
              "infrastructure_generation": "v1"
            },
            "prefix": null
          },
          "sensitive_attributes": [],
          "create_before_destroy": true
        }
      ]
    }
  ],
  "check_results": null
}
